
Microsoft Visual Studio Solution File, Format Version 10.00
# Visual C++ Express 2008
Project("{8BC9CEB8-8B4A-11D0-8D11-00A0C91BC942}") = "FastCloseTab", "FastCloseTab\FastCloseTab.vcproj", "{BCAC02A5-2DE7-4457-B2FF-1628B9B70D5A}"
EndProject
Global
	GlobalSection(SolutionConfigurationPlatforms) = preSolution
		Debug|Win32 = Debug|Win32
		Release|Win32 = Release|Win32
	EndGlobalSection
	GlobalSection(ProjectConfigurationPlatforms) = postSolution
		{BCAC02A5-2DE7-4457-B2FF-1628B9B70D5A}.Debug|Win32.ActiveCfg = Debug|Win32
		{BCAC02A5-2DE7-4457-B2FF-1628B9B70D5A}.Debug|Win32.Build.0 = Debug|Win32
		{BCAC02A5-2DE7-4457-B2FF-1628B9B70D5A}.Release|Win32.ActiveCfg = Release|Win32
		{BCAC02A5-2DE7-4457-B2FF-1628B9B70D5A}.Release|Win32.Build.0 = Release|Win32
	EndGlobalSection
	GlobalSection(SolutionProperties) = preSolution
		HideSolutionNode = FALSE
	EndGlobalSection
EndGlobal
